
Microsoft Visual Studio Solution File, Format Version 12.00
# Visual Studio Version 18
VisualStudioVersion = 18.2.11415.280
MinimumVisualStudioVersion = 10.0.40219.1
Project("{2150E333-8FDC-42A3-9474-1A3956D46DE8}") = "Server", "Server", "{0E5865AD-1E0B-4DFE-BF4E-737A2343C03E}"
EndProject
Project("{9A19103F-16F7-4668-BE54-9A1E7A4F7556}") = "Core", "Core\Core.csproj", "{7ADE0040-C61B-417B-B649-B8C4903C0BA6}"
EndProject
Project("{9A19103F-16F7-4668-BE54-9A1E7A4F7556}") = "Core.Application", "Core.Application\Core.Application.csproj", "{DF4F7C09-3AB1-4485-86E4-ABFBEC83EE6E}"
EndProject
Project("{9A19103F-16F7-4668-BE54-9A1E7A4F7556}") = "Core.Domain", "Core.Domain\Core.Domain.csproj", "{722C6CAC-38BE-42BE-885F-6B7CE5AF7DC5}"
EndProject
Project("{9A19103F-16F7-4668-BE54-9A1E7A4F7556}") = "Core.Infrastructure", "Core.Infrastructure\Core.Infrastructure.csproj", "{8581455C-1993-4156-945E-1AC06EFC8B44}"
EndProject
Project("{2150E333-8FDC-42A3-9474-1A3956D46DE8}") = "Tests", "Tests", "{0AB3BF05-4346-4AA6-1389-037BE0695223}"
EndProject
Project("{FAE04EC0-301F-11D3-BF4B-00C04F79EFBC}") = "Core.Tests", "tests\Core.Tests\Core.Tests.csproj", "{E3F9DA02-244C-4D57-BF5F-289A50C0C27B}"
EndProject
Global
	GlobalSection(SolutionConfigurationPlatforms) = preSolution
		Debug|Any CPU = Debug|Any CPU
		Debug|x64 = Debug|x64
		Debug|x86 = Debug|x86
		Release|Any CPU = Release|Any CPU
		Release|x64 = Release|x64
		Release|x86 = Release|x86
	EndGlobalSection
	GlobalSection(ProjectConfigurationPlatforms) = postSolution
		{7ADE0040-C61B-417B-B649-B8C4903C0BA6}.Debug|Any CPU.ActiveCfg = Debug|Any CPU
		{7ADE0040-C61B-417B-B649-B8C4903C0BA6}.Debug|Any CPU.Build.0 = Debug|Any CPU
		{7ADE0040-C61B-417B-B649-B8C4903C0BA6}.Debug|x64.ActiveCfg = Debug|Any CPU
		{7ADE0040-C61B-417B-B649-B8C4903C0BA6}.Debug|x64.Build.0 = Debug|Any CPU
		{7ADE0040-C61B-417B-B649-B8C4903C0BA6}.Debug|x86.ActiveCfg = Debug|Any CPU
		{7ADE0040-C61B-417B-B649-B8C4903C0BA6}.Debug|x86.Build.0 = Debug|Any CPU
		{7ADE0040-C61B-417B-B649-B8C4903C0BA6}.Release|Any CPU.ActiveCfg = Release|Any CPU
		{7ADE0040-C61B-417B-B649-B8C4903C0BA6}.Release|Any CPU.Build.0 = Release|Any CPU
		{7ADE0040-C61B-417B-B649-B8C4903C0BA6}.Release|x64.ActiveCfg = Release|Any CPU
		{7ADE0040-C61B-417B-B649-B8C4903C0BA6}.Release|x64.Build.0 = Release|Any CPU
		{7ADE0040-C61B-417B-B649-B8C4903C0BA6}.Release|x86.ActiveCfg = Release|Any CPU
		{7ADE0040-C61B-417B-B649-B8C4903C0BA6}.Release|x86.Build.0 = Release|Any CPU
		{DF4F7C09-3AB1-4485-86E4-ABFBEC83EE6E}.Debug|Any CPU.ActiveCfg = Debug|Any CPU
		{DF4F7C09-3AB1-4485-86E4-ABFBEC83EE6E}.Debug|Any CPU.Build.0 = Debug|Any CPU
		{DF4F7C09-3AB1-4485-86E4-ABFBEC83EE6E}.Debug|x64.ActiveCfg = Debug|Any CPU
		{DF4F7C09-3AB1-4485-86E4-ABFBEC83EE6E}.Debug|x64.Build.0 = Debug|Any CPU
		{DF4F7C09-3AB1-4485-86E4-ABFBEC83EE6E}.Debug|x86.ActiveCfg = Debug|Any CPU
		{DF4F7C09-3AB1-4485-86E4-ABFBEC83EE6E}.Debug|x86.Build.0 = Debug|Any CPU
		{DF4F7C09-3AB1-4485-86E4-ABFBEC83EE6E}.Release|Any CPU.ActiveCfg = Release|Any CPU
		{DF4F7C09-3AB1-4485-86E4-ABFBEC83EE6E}.Release|Any CPU.Build.0 = Release|Any CPU
		{DF4F7C09-3AB1-4485-86E4-ABFBEC83EE6E}.Release|x64.ActiveCfg = Release|Any CPU
		{DF4F7C09-3AB1-4485-86E4-ABFBEC83EE6E}.Release|x64.Build.0 = Release|Any CPU
		{DF4F7C09-3AB1-4485-86E4-ABFBEC83EE6E}.Release|x86.ActiveCfg = Release|Any CPU
		{DF4F7C09-3AB1-4485-86E4-ABFBEC83EE6E}.Release|x86.Build.0 = Release|Any CPU
		{722C6CAC-38BE-42BE-885F-6B7CE5AF7DC5}.Debug|Any CPU.ActiveCfg = Debug|Any CPU
		{722C6CAC-38BE-42BE-885F-6B7CE5AF7DC5}.Debug|Any CPU.Build.0 = Debug|Any CPU
		{722C6CAC-38BE-42BE-885F-6B7CE5AF7DC5}.Debug|x64.ActiveCfg = Debug|Any CPU
		{722C6CAC-38BE-42BE-885F-6B7CE5AF7DC5}.Debug|x64.Build.0 = Debug|Any CPU
		{722C6CAC-38BE-42BE-885F-6B7CE5AF7DC5}.Debug|x86.ActiveCfg = Debug|Any CPU
		{722C6CAC-38BE-42BE-885F-6B7CE5AF7DC5}.Debug|x86.Build.0 = Debug|Any CPU
		{722C6CAC-38BE-42BE-885F-6B7CE5AF7DC5}.Release|Any CPU.ActiveCfg = Release|Any CPU
		{722C6CAC-38BE-42BE-885F-6B7CE5AF7DC5}.Release|Any CPU.Build.0 = Release|Any CPU
		{722C6CAC-38BE-42BE-885F-6B7CE5AF7DC5}.Release|x64.ActiveCfg = Release|Any CPU
		{722C6CAC-38BE-42BE-885F-6B7CE5AF7DC5}.Release|x64.Build.0 = Release|Any CPU
		{722C6CAC-38BE-42BE-885F-6B7CE5AF7DC5}.Release|x86.ActiveCfg = Release|Any CPU
		{722C6CAC-38BE-42BE-885F-6B7CE5AF7DC5}.Release|x86.Build.0 = Release|Any CPU
		{8581455C-1993-4156-945E-1AC06EFC8B44}.Debug|Any CPU.ActiveCfg = Debug|Any CPU
		{8581455C-1993-4156-945E-1AC06EFC8B44}.Debug|Any CPU.Build.0 = Debug|Any CPU
		{8581455C-1993-4156-945E-1AC06EFC8B44}.Debug|x64.ActiveCfg = Debug|Any CPU
		{8581455C-1993-4156-945E-1AC06EFC8B44}.Debug|x64.Build.0 = Debug|Any CPU
		{8581455C-1993-4156-945E-1AC06EFC8B44}.Debug|x86.ActiveCfg = Debug|Any CPU
		{8581455C-1993-4156-945E-1AC06EFC8B44}.Debug|x86.Build.0 = Debug|Any CPU
		{8581455C-1993-4156-945E-1AC06EFC8B44}.Release|Any CPU.ActiveCfg = Release|Any CPU
		{8581455C-1993-4156-945E-1AC06EFC8B44}.Release|Any CPU.Build.0 = Release|Any CPU
		{8581455C-1993-4156-945E-1AC06EFC8B44}.Release|x64.ActiveCfg = Release|Any CPU
		{8581455C-1993-4156-945E-1AC06EFC8B44}.Release|x64.Build.0 = Release|Any CPU
		{8581455C-1993-4156-945E-1AC06EFC8B44}.Release|x86.ActiveCfg = Release|Any CPU
		{8581455C-1993-4156-945E-1AC06EFC8B44}.Release|x86.Build.0 = Release|Any CPU
		{E3F9DA02-244C-4D57-BF5F-289A50C0C27B}.Debug|Any CPU.ActiveCfg = Debug|Any CPU
		{E3F9DA02-244C-4D57-BF5F-289A50C0C27B}.Debug|Any CPU.Build.0 = Debug|Any CPU
		{E3F9DA02-244C-4D57-BF5F-289A50C0C27B}.Debug|x64.ActiveCfg = Debug|Any CPU
		{E3F9DA02-244C-4D57-BF5F-289A50C0C27B}.Debug|x64.Build.0 = Debug|Any CPU
		{E3F9DA02-244C-4D57-BF5F-289A50C0C27B}.Debug|x86.ActiveCfg = Debug|Any CPU
		{E3F9DA02-244C-4D57-BF5F-289A50C0C27B}.Debug|x86.Build.0 = Debug|Any CPU
		{E3F9DA02-244C-4D57-BF5F-289A50C0C27B}.Release|Any CPU.ActiveCfg = Release|Any CPU
		{E3F9DA02-244C-4D57-BF5F-289A50C0C27B}.Release|Any CPU.Build.0 = Release|Any CPU
		{E3F9DA02-244C-4D57-BF5F-289A50C0C27B}.Release|x64.ActiveCfg = Release|Any CPU
		{E3F9DA02-244C-4D57-BF5F-289A50C0C27B}.Release|x64.Build.0 = Release|Any CPU
		{E3F9DA02-244C-4D57-BF5F-289A50C0C27B}.Release|x86.ActiveCfg = Release|Any CPU
		{E3F9DA02-244C-4D57-BF5F-289A50C0C27B}.Release|x86.Build.0 = Release|Any CPU
	EndGlobalSection
	GlobalSection(SolutionProperties) = preSolution
		HideSolutionNode = FALSE
	EndGlobalSection
	GlobalSection(NestedProjects) = preSolution
		{7ADE0040-C61B-417B-B649-B8C4903C0BA6} = {0E5865AD-1E0B-4DFE-BF4E-737A2343C03E}
		{DF4F7C09-3AB1-4485-86E4-ABFBEC83EE6E} = {0E5865AD-1E0B-4DFE-BF4E-737A2343C03E}
		{722C6CAC-38BE-42BE-885F-6B7CE5AF7DC5} = {0E5865AD-1E0B-4DFE-BF4E-737A2343C03E}
		{8581455C-1993-4156-945E-1AC06EFC8B44} = {0E5865AD-1E0B-4DFE-BF4E-737A2343C03E}
		{E3F9DA02-244C-4D57-BF5F-289A50C0C27B} = {0AB3BF05-4346-4AA6-1389-037BE0695223}
	EndGlobalSection
	GlobalSection(ExtensibilityGlobals) = postSolution
		SolutionGuid = {1EF31CA9-23B3-46AB-9BC5-C9A90EFEB9BB}
	EndGlobalSection
EndGlobal
